// !$*UTF8*$!
{
	archiveVersion = 1;
	classes = {
	};
	objectVersion = 48;
	objects = {

/* Begin PBXBuildFile section */
		3D9E8ADF1FC52470002AF5CC /* AppDelegate.swift in Sources */ = {isa = PBXBuildFile; fileRef = 3D9E8ADE1FC52470002AF5CC /* AppDelegate.swift */; };
		3D9E8AE11FC52470002AF5CC /* ViewController.swift in Sources */ = {isa = PBXBuildFile; fileRef = 3D9E8AE01FC52470002AF5CC /* ViewController.swift */; };
		3D9E8AE41FC52470002AF5CC /* Main.storyboard in Resources */ = {isa = PBXBuildFile; fileRef = 3D9E8AE21FC52470002AF5CC /* Main.storyboard */; };
		3D9E8AE71FC52470002AF5CC /* RedditSample.xcdatamodeld in Sources */ = {isa = PBXBuildFile; fileRef = 3D9E8AE51FC52470002AF5CC /* RedditSample.xcdatamodeld */; };
		3D9E8AE91FC52470002AF5CC /* Assets.xcassets in Resources */ = {isa = PBXBuildFile; fileRef = 3D9E8AE81FC52470002AF5CC /* Assets.xcassets */; };
		3D9E8AEC1FC52470002AF5CC /* LaunchScreen.storyboard in Resources */ = {isa = PBXBuildFile; fileRef = 3D9E8AEA1FC52470002AF5CC /* LaunchScreen.storyboard */; };
		3D9E8AF71FC52470002AF5CC /* RedditSampleTests.swift in Sources */ = {isa = PBXBuildFile; fileRef = 3D9E8AF61FC52470002AF5CC /* RedditSampleTests.swift */; };
		3D9E8B021FC52470002AF5CC /* RedditSampleUITests.swift in Sources */ = {isa = PBXBuildFile; fileRef = 3D9E8B011FC52470002AF5CC /* RedditSampleUITests.swift */; };
/* End PBXBuildFile section */

/* Begin PBXContainerItemProxy section */
		3D9E8AF31FC52470002AF5CC /* PBXContainerItemProxy */ = {
			isa = PBXContainerItemProxy;
			containerPortal = 3D9E8AD31FC52470002AF5CC /* Project object */;
			proxyType = 1;
			remoteGlobalIDString = 3D9E8ADA1FC52470002AF5CC;
			remoteInfo = RedditSample;
		};
		3D9E8AFE1FC52470002AF5CC /* PBXContainerItemProxy */ = {
			isa = PBXContainerItemProxy;
			containerPortal = 3D9E8AD31FC52470002AF5CC /* Project object */;
			proxyType = 1;
			remoteGlobalIDString = 3D9E8ADA1FC52470002AF5CC;
			remoteInfo = RedditSample;
		};
/* End PBXContainerItemProxy section */

/* Begin PBXFileReference section */
		3D9E8ADB1FC52470002AF5CC /* RedditSample.app */ = {isa = PBXFileReference; explicitFileType = wrapper.application; includeInIndex = 0; path = RedditSample.app; sourceTree = BUILT_PRODUCTS_DIR; };
		3D9E8ADE1FC52470002AF5CC /* AppDelegate.swift */ = {isa = PBXFileReference; lastKnownFileType = sourcecode.swift; path = AppDelegate.swift; sourceTree = "<group>"; };
		3D9E8AE01FC52470002AF5CC /* ViewController.swift */ = {isa = PBXFileReference; lastKnownFileType = sourcecode.swift; path = ViewController.swift; sourceTree = "<group>"; };
		3D9E8AE31FC52470002AF5CC /* Base */ = {isa = PBXFileReference; lastKnownFileType = file.storyboard; name = Base; path = Base.lproj/Main.storyboard; sourceTree = "<group>"; };
		3D9E8AE61FC52470002AF5CC /* RedditSample.xcdatamodel */ = {isa = PBXFileReference; lastKnownFileType = wrapper.xcdatamodel; path = RedditSample.xcdatamodel; sourceTree = "<group>"; };
		3D9E8AE81FC52470002AF5CC /* Assets.xcassets */ = {isa = PBXFileReference; lastKnownFileType = folder.assetcatalog; path = Assets.xcassets; sourceTree = "<group>"; };
		3D9E8AEB1FC52470002AF5CC /* Base */ = {isa = PBXFileReference; lastKnownFileType = file.storyboard; name = Base; path = Base.lproj/LaunchScreen.storyboard; sourceTree = "<group>"; };
		3D9E8AED1FC52470002AF5CC /* Info.plist */ = {isa = PBXFileReference; lastKnownFileType = text.plist.xml; path = Info.plist; sourceTree = "<group>"; };
		3D9E8AF21FC52470002AF5CC /* RedditSampleTests.xctest */ = {isa = PBXFileReference; explicitFileType = wrapper.cfbundle; includeInIndex = 0; path = RedditSampleTests.xctest; sourceTree = BUILT_PRODUCTS_DIR; };
		3D9E8AF61FC52470002AF5CC /* RedditSampleTests.swift */ = {isa = PBXFileReference; lastKnownFileType = sourcecode.swift; path = RedditSampleTests.swift; sourceTree = "<group>"; };
		3D9E8AF81FC52470002AF5CC /* Info.plist */ = {isa = PBXFileReference; lastKnownFileType = text.plist.xml; path = Info.plist; sourceTree = "<group>"; };
		3D9E8AFD1FC52470002AF5CC /* RedditSampleUITests.xctest */ = {isa = PBXFileReference; explicitFileType = wrapper.cfbundle; includeInIndex = 0; path = RedditSampleUITests.xctest; sourceTree = BUILT_PRODUCTS_DIR; };
		3D9E8B011FC52470002AF5CC /* RedditSampleUITests.swift */ = {isa = PBXFileReference; lastKnownFileType = sourcecode.swift; path = RedditSampleUITests.swift; sourceTree = "<group>"; };
		3D9E8B031FC52470002AF5CC /* Info.plist */ = {isa = PBXFileReference; lastKnownFileType = text.plist.xml; path = Info.plist; sourceTree = "<group>"; };
/* End PBXFileReference section */

/* Begin PBXFrameworksBuildPhase section */
		3D9E8AD81FC52470002AF5CC /* Frameworks */ = {
			isa = PBXFrameworksBuildPhase;
			buildActionMask = 2147483647;
			files = (
			);
			runOnlyForDeploymentPostprocessing = 0;
		};
		3D9E8AEF1FC52470002AF5CC /* Frameworks */ = {
			isa = PBXFrameworksBuildPhase;
			buildActionMask = 2147483647;
			files = (
			);
			runOnlyForDeploymentPostprocessing = 0;
		};
		3D9E8AFA1FC52470002AF5CC /* Frameworks */ = {
			isa = PBXFrameworksBuildPhase;
			buildActionMask = 2147483647;
			files = (
			);
			runOnlyForDeploymentPostprocessing = 0;
		};
/* End PBXFrameworksBuildPhase section */

/* Begin PBXGroup section */
		3D9E8AD21FC52470002AF5CC = {
			isa = PBXGroup;
			children = (
				3D9E8ADD1FC52470002AF5CC /* RedditSample */,
				3D9E8AF51FC52470002AF5CC /* RedditSampleTests */,
				3D9E8B001FC52470002AF5CC /* RedditSampleUITests */,
				3D9E8ADC1FC52470002AF5CC /* Products */,
			);
			sourceTree = "<group>";
		};
		3D9E8ADC1FC52470002AF5CC /* Products */ = {
			isa = PBXGroup;
			children = (
				3D9E8ADB1FC52470002AF5CC /* RedditSample.app */,
				3D9E8AF21FC52470002AF5CC /* RedditSampleTests.xctest */,
				3D9E8AFD1FC52470002AF5CC /* RedditSampleUITests.xctest */,
			);
			name = Products;
			sourceTree = "<group>";
		};
		3D9E8ADD1FC52470002AF5CC /* RedditSample */ = {
			isa = PBXGroup;
			children = (
				3D9E8ADE1FC52470002AF5CC /* AppDelegate.swift */,
				3D9E8AE01FC52470002AF5CC /* ViewController.swift */,
				3D9E8AE21FC52470002AF5CC /* Main.storyboard */,
				3D9E8AE81FC52470002AF5CC /* Assets.xcassets */,
				3D9E8AEA1FC52470002AF5CC /* LaunchScreen.storyboard */,
				3D9E8AED1FC52470002AF5CC /* Info.plist */,
				3D9E8AE51FC52470002AF5CC /* RedditSample.xcdatamodeld */,
			);
			path = RedditSample;
			sourceTree = "<group>";
		};
		3D9E8AF51FC52470002AF5CC /* RedditSampleTests */ = {
			isa = PBXGroup;
			children = (
				3D9E8AF61FC52470002AF5CC /* RedditSampleTests.swift */,
				3D9E8AF81FC52470002AF5CC /* Info.plist */,
			);
			path = RedditSampleTests;
			sourceTree = "<group>";
		};
		3D9E8B001FC52470002AF5CC /* RedditSampleUITests */ = {
			isa = PBXGroup;
			children = (
				3D9E8B011FC52470002AF5CC /* RedditSampleUITests.swift */,
				3D9E8B031FC52470002AF5CC /* Info.plist */,
			);
			path = RedditSampleUITests;
			sourceTree = "<group>";
		};
/* End PBXGroup section */

/* Begin PBXNativeTarget section */
		3D9E8ADA1FC52470002AF5CC /* RedditSample */ = {
			isa = PBXNativeTarget;
			buildConfigurationList = 3D9E8B061FC52470002AF5CC /* Build configuration list for PBXNativeTarget "RedditSample" */;
			buildPhases = (
				3D9E8AD71FC52470002AF5CC /* Sources */,
				3D9E8AD81FC52470002AF5CC /* Frameworks */,
				3D9E8AD91FC52470002AF5CC /* Resources */,
			);
			buildRules = (
			);
			dependencies = (
			);
			name = RedditSample;
			productName = RedditSample;
			productReference = 3D9E8ADB1FC52470002AF5CC /* RedditSample.app */;
			productType = "com.apple.product-type.application";
		};
		3D9E8AF11FC52470002AF5CC /* RedditSampleTests */ = {
			isa = PBXNativeTarget;
			buildConfigurationList = 3D9E8B091FC52470002AF5CC /* Build configuration list for PBXNativeTarget "RedditSampleTests" */;
			buildPhases = (
				3D9E8AEE1FC52470002AF5CC /* Sources */,
				3D9E8AEF1FC52470002AF5CC /* Frameworks */,
				3D9E8AF01FC52470002AF5CC /* Resources */,
			);
			buildRules = (
			);
			dependencies = (
				3D9E8AF41FC52470002AF5CC /* PBXTargetDependency */,
			);
			name = RedditSampleTests;
			productName = RedditSampleTests;
			productReference = 3D9E8AF21FC52470002AF5CC /* RedditSampleTests.xctest */;
			productType = "com.apple.product-type.bundle.unit-test";
		};
		3D9E8AFC1FC52470002AF5CC /* RedditSampleUITests */ = {
			isa = PBXNativeTarget;
			buildConfigurationList = 3D9E8B0C1FC52470002AF5CC /* Build configuration list for PBXNativeTarget "RedditSampleUITests" */;
			buildPhases = (
				3D9E8AF91FC52470002AF5CC /* Sources */,
				3D9E8AFA1FC52470002AF5CC /* Frameworks */,
				3D9E8AFB1FC52470002AF5CC /* Resources */,
			);
			buildRules = (
			);
			dependencies = (
				3D9E8AFF1FC52470002AF5CC /* PBXTargetDependency */,
			);
			name = RedditSampleUITests;
			productName = RedditSampleUITests;
			productReference = 3D9E8AFD1FC52470002AF5CC /* RedditSampleUITests.xctest */;
			productType = "com.apple.product-type.bundle.ui-testing";
		};
/* End PBXNativeTarget section */

/* Begin PBXProject section */
		3D9E8AD31FC52470002AF5CC /* Project object */ = {
			isa = PBXProject;
			attributes = {
				LastSwiftUpdateCheck = 0910;
				LastUpgradeCheck = 0910;
				ORGANIZATIONNAME = "Danny Gilbert";
				TargetAttributes = {
					3D9E8ADA1FC52470002AF5CC = {
						CreatedOnToolsVersion = 9.1;
						ProvisioningStyle = Automatic;
					};
					3D9E8AF11FC52470002AF5CC = {
						CreatedOnToolsVersion = 9.1;
						ProvisioningStyle = Automatic;
						TestTargetID = 3D9E8ADA1FC52470002AF5CC;
					};
					3D9E8AFC1FC52470002AF5CC = {
						CreatedOnToolsVersion = 9.1;
						ProvisioningStyle = Automatic;
						TestTargetID = 3D9E8ADA1FC52470002AF5CC;
					};
				};
			};
			buildConfigurationList = 3D9E8AD61FC52470002AF5CC /* Build configuration list for PBXProject "RedditSample" */;
			compatibilityVersion = "Xcode 8.0";
			developmentRegion = en;
			hasScannedForEncodings = 0;
			knownRegions = (
				en,
				Base,
			);
			mainGroup = 3D9E8AD21FC52470002AF5CC;
			productRefGroup = 3D9E8ADC1FC52470002AF5CC /* Products */;
			projectDirPath = "";
			projectRoot = "";
			targets = (
				3D9E8ADA1FC52470002AF5CC /* RedditSample */,
				3D9E8AF11FC52470002AF5CC /* RedditSampleTests */,
				3D9E8AFC1FC52470002AF5CC /* RedditSampleUITests */,
			);
		};
/* End PBXProject section */

/* Begin PBXResourcesBuildPhase section */
		3D9E8AD91FC52470002AF5CC /* Resources */ = {
			isa = PBXResourcesBuildPhase;
			buildActionMask = 2147483647;
			files = (
				3D9E8AEC1FC52470002AF5CC /* LaunchScreen.storyboard in Resources */,
				3D9E8AE91FC52470002AF5CC /* Assets.xcassets in Resources */,
				3D9E8AE41FC52470002AF5CC /* Main.storyboard in Resources */,
			);
			runOnlyForDeploymentPostprocessing = 0;
		};
		3D9E8AF01FC52470002AF5CC /* Resources */ = {
			isa = PBXResourcesBuildPhase;
			buildActionMask = 2147483647;
			files = (
			);
			runOnlyForDeploymentPostprocessing = 0;
		};
		3D9E8AFB1FC52470002AF5CC /* Resources */ = {
			isa = PBXResourcesBuildPhase;
			buildActionMask = 2147483647;
			files = (
			);
			runOnlyForDeploymentPostprocessing = 0;
		};
/* End PBXResourcesBuildPhase section */

/* Begin PBXSourcesBuildPhase section */
		3D9E8AD71FC52470002AF5CC /* Sources */ = {
			isa = PBXSourcesBuildPhase;
			buildActionMask = 2147483647;
			files = (
				3D9E8AE11FC52470002AF5CC /* ViewController.swift in Sources */,
				3D9E8ADF1FC52470002AF5CC /* AppDelegate.swift in Sources */,
				3D9E8AE71FC52470002AF5CC /* RedditSample.xcdatamodeld in Sources */,
			);
			runOnlyForDeploymentPostprocessing = 0;
		};
		3D9E8AEE1FC52470002AF5CC /* Sources */ = {
			isa = PBXSourcesBuildPhase;
			buildActionMask = 2147483647;
			files = (
				3D9E8AF71FC52470002AF5CC /* RedditSampleTests.swift in Sources */,
			);
			runOnlyForDeploymentPostprocessing = 0;
		};
		3D9E8AF91FC52470002AF5CC /* Sources */ = {
			isa = PBXSourcesBuildPhase;
			buildActionMask = 2147483647;
			files = (
				3D9E8B021FC52470002AF5CC /* RedditSampleUITests.swift in Sources */,
			);
			runOnlyForDeploymentPostprocessing = 0;
		};
/* End PBXSourcesBuildPhase section */

/* Begin PBXTargetDependency section */
		3D9E8AF41FC52470002AF5CC /* PBXTargetDependency */ = {
			isa = PBXTargetDependency;
			target = 3D9E8ADA1FC52470002AF5CC /* RedditSample */;
			targetProxy = 3D9E8AF31FC52470002AF5CC /* PBXContainerItemProxy */;
		};
		3D9E8AFF1FC52470002AF5CC /* PBXTargetDependency */ = {
			isa = PBXTargetDependency;
			target = 3D9E8ADA1FC52470002AF5CC /* RedditSample */;
			targetProxy = 3D9E8AFE1FC52470002AF5CC /* PBXContainerItemProxy */;
		};
/* End PBXTargetDependency section */

/* Begin PBXVariantGroup section */
		3D9E8AE21FC52470002AF5CC /* Main.storyboard */ = {
			isa = PBXVariantGroup;
			children = (
				3D9E8AE31FC52470002AF5CC /* Base */,
			);
			name = Main.storyboard;
			sourceTree = "<group>";
		};
		3D9E8AEA1FC52470002AF5CC /* LaunchScreen.storyboard */ = {
			isa = PBXVariantGroup;
			children = (
				3D9E8AEB1FC52470002AF5CC /* Base */,
			);
			name = LaunchScreen.storyboard;
			sourceTree = "<group>";
		};
/* End PBXVariantGroup section */

/* Begin XCBuildConfiguration section */
		3D9E8B041FC52470002AF5CC /* Debug */ = {
			isa = XCBuildConfiguration;
			buildSettings = {
				ALWAYS_SEARCH_USER_PATHS = NO;
				CLANG_ANALYZER_NONNULL = YES;
				CLANG_ANALYZER_NUMBER_OBJECT_CONVERSION = YES_AGGRESSIVE;
				CLANG_CXX_LANGUAGE_STANDARD = "gnu++14";
				CLANG_CXX_LIBRARY = "libc++";
				CLANG_ENABLE_MODULES = YES;
				CLANG_ENABLE_OBJC_ARC = YES;
				CLANG_WARN_BLOCK_CAPTURE_AUTORELEASING = YES;
				CLANG_WARN_BOOL_CONVERSION = YES;
				CLANG_WARN_COMMA = YES;
				CLANG_WARN_CONSTANT_CONVERSION = YES;
				CLANG_WARN_DIRECT_OBJC_ISA_USAGE = YES_ERROR;
				CLANG_WARN_DOCUMENTATION_COMMENTS = YES;
				CLANG_WARN_EMPTY_BODY = YES;
				CLANG_WARN_ENUM_CONVERSION = YES;
				CLANG_WARN_INFINITE_RECURSION = YES;
				CLANG_WARN_INT_CONVERSION = YES;
				CLANG_WARN_NON_LITERAL_NULL_CONVERSION = YES;
				CLANG_WARN_OBJC_LITERAL_CONVERSION = YES;
				CLANG_WARN_OBJC_ROOT_CLASS = YES_ERROR;
				CLANG_WARN_RANGE_LOOP_ANALYSIS = YES;
				CLANG_WARN_STRICT_PROTOTYPES = YES;
				CLANG_WARN_SUSPICIOUS_MOVE = YES;
				CLANG_WARN_UNGUARDED_AVAILABILITY = YES_AGGRESSIVE;
				CLANG_WARN_UNREACHABLE_CODE = YES;
				CLANG_WARN__DUPLICATE_METHOD_MATCH = YES;
				CODE_SIGN_IDENTITY = "iPhone Developer";
				COPY_PHASE_STRIP = NO;
				DEBUG_INFORMATION_FORMAT = dwarf;
				ENABLE_STRICT_OBJC_MSGSEND = YES;
				ENABLE_TESTABILITY = YES;
				GCC_C_LANGUAGE_STANDARD = gnu11;
				GCC_DYNAMIC_NO_PIC = NO;
				GCC_NO_COMMON_BLOCKS = YES;
				GCC_OPTIMIZATION_LEVEL = 0;
				GCC_PREPROCESSOR_DEFINITIONS = (
					"DEBUG=1",
					"$(inherited)",
				);
				GCC_WARN_64_TO_32_BIT_CONVERSION = YES;
				GCC_WARN_ABOUT_RETURN_TYPE = YES_ERROR;
				GCC_WARN_UNDECLARED_SELECTOR = YES;
				GCC_WARN_UNINITIALIZED_AUTOS = YES_AGGRESSIVE;
				GCC_WARN_UNUSED_FUNCTION = YES;
				GCC_WARN_UNUSED_VARIABLE = YES;
				IPHONEOS_DEPLOYMENT_TARGET = 11.1;
				MTL_ENABLE_DEBUG_INFO = YES;
				ONLY_ACTIVE_ARCH = YES;
				SDKROOT = iphoneos;
				SWIFT_ACTIVE_COMPILATION_CONDITIONS = DEBUG;
				SWIFT_OPTIMIZATION_LEVEL = "-Onone";
			};
			name = Debug;
		};
		3D9E8B051FC52470002AF5CC /* Release */ = {
			isa = XCBuildConfiguration;
			buildSettings = {
				ALWAYS_SEARCH_USER_PATHS = NO;
				CLANG_ANALYZER_NONNULL = YES;
				CLANG_ANALYZER_NUMBER_OBJECT_CONVERSION = YES_AGGRESSIVE;
				CLANG_CXX_LANGUAGE_STANDARD = "gnu++14";
				CLANG_CXX_LIBRARY = "libc++";
				CLANG_ENABLE_MODULES = YES;
				CLANG_ENABLE_OBJC_ARC = YES;
				CLANG_WARN_BLOCK_CAPTURE_AUTORELEASING = YES;
				CLANG_WARN_BOOL_CONVERSION = YES;
				CLANG_WARN_COMMA = YES;
				CLANG_WARN_CONSTANT_CONVERSION = YES;
				CLANG_WARN_DIRECT_OBJC_ISA_USAGE = YES_ERROR;
				CLANG_WARN_DOCUMENTATION_COMMENTS = YES;
				CLANG_WARN_EMPTY_BODY = YES;
				CLANG_WARN_ENUM_CONVERSION = YES;
				CLANG_WARN_INFINITE_RECURSION = YES;
				CLANG_WARN_INT_CONVERSION = YES;
				CLANG_WARN_NON_LITERAL_NULL_CONVERSION = YES;
				CLANG_WARN_OBJC_LITERAL_CONVERSION = YES;
				CLANG_WARN_OBJC_ROOT_CLASS = YES_ERROR;
				CLANG_WARN_RANGE_LOOP_ANALYSIS = YES;
				CLANG_WARN_STRICT_PROTOTYPES = YES;
				CLANG_WARN_SUSPICIOUS_MOVE = YES;
				CLANG_WARN_UNGUARDED_AVAILABILITY = YES_AGGRESSIVE;
				CLANG_WARN_UNREACHABLE_CODE = YES;
				CLANG_WARN__DUPLICATE_METHOD_MATCH = YES;
				CODE_SIGN_IDENTITY = "iPhone Developer";
				COPY_PHASE_STRIP = NO;
				DEBUG_INFORMATION_FORMAT = "dwarf-with-dsym";
				ENABLE_NS_ASSERTIONS = NO;
				ENABLE_STRICT_OBJC_MSGSEND = YES;
				GCC_C_LANGUAGE_STANDARD = gnu11;
				GCC_NO_COMMON_BLOCKS = YES;
				GCC_WARN_64_TO_32_BIT_CONVERSION = YES;
				GCC_WARN_ABOUT_RETURN_TYPE = YES_ERROR;
				GCC_WARN_UNDECLARED_SELECTOR = YES;
				GCC_WARN_UNINITIALIZED_AUTOS = YES_AGGRESSIVE;
				GCC_WARN_UNUSED_FUNCTION = YES;
				GCC_WARN_UNUSED_VARIABLE = YES;
				IPHONEOS_DEPLOYMENT_TARGET = 11.1;
				MTL_ENABLE_DEBUG_INFO = NO;
				SDKROOT = iphoneos;
				SWIFT_OPTIMIZATION_LEVEL = "-Owholemodule";
				VALIDATE_PRODUCT = YES;
			};
			name = Release;
		};
		3D9E8B071FC52470002AF5CC /* Debug */ = {
			isa = XCBuildConfiguration;
			buildSettings = {
				ASSETCATALOG_COMPILER_APPICON_NAME = AppIcon;
				CODE_SIGN_STYLE = Automatic;
				INFOPLIST_FILE = RedditSample/Info.plist;
				LD_RUNPATH_SEARCH_PATHS = "$(inherited) @executable_path/Frameworks";
				PRODUCT_BUNDLE_IDENTIFIER = com.demo.RedditSample;
				PRODUCT_NAME = "$(TARGET_NAME)";
				SWIFT_VERSION = 4.0;
				TARGETED_DEVICE_FAMILY = "1,2";
			};
			name = Debug;
		};
		3D9E8B081FC52470002AF5CC /* Release */ = {
			isa = XCBuildConfiguration;
			buildSettings = {
				ASSETCATALOG_COMPILER_APPICON_NAME = AppIcon;
				CODE_SIGN_STYLE = Automatic;
				INFOPLIST_FILE = RedditSample/Info.plist;
				LD_RUNPATH_SEARCH_PATHS = "$(inherited) @executable_path/Frameworks";
				PRODUCT_BUNDLE_IDENTIFIER = com.demo.RedditSample;
				PRODUCT_NAME = "$(TARGET_NAME)";
				SWIFT_VERSION = 4.0;
				TARGETED_DEVICE_FAMILY = "1,2";
			};
			name = Release;
		};
		3D9E8B0A1FC52470002AF5CC /* Debug */ = {
			isa = XCBuildConfiguration;
			buildSettings = {
				ALWAYS_EMBED_SWIFT_STANDARD_LIBRARIES = YES;
				BUNDLE_LOADER = "$(TEST_HOST)";
				CODE_SIGN_STYLE = Automatic;
				INFOPLIST_FILE = RedditSampleTests/Info.plist;
				LD_RUNPATH_SEARCH_PATHS = "$(inherited) @executable_path/Frameworks @loader_path/Frameworks";
				PRODUCT_BUNDLE_IDENTIFIER = com.demo.RedditSampleTests;
				PRODUCT_NAME = "$(TARGET_NAME)";
				SWIFT_VERSION = 4.0;
				TARGETED_DEVICE_FAMILY = "1,2";
				TEST_HOST = "$(BUILT_PRODUCTS_DIR)/RedditSample.app/RedditSample";
			};
			name = Debug;
		};
		3D9E8B0B1FC52470002AF5CC /* Release */ = {
			isa = XCBuildConfiguration;
			buildSettings = {
				ALWAYS_EMBED_SWIFT_STANDARD_LIBRARIES = YES;
				BUNDLE_LOADER = "$(TEST_HOST)";
				CODE_SIGN_STYLE = Automatic;
				INFOPLIST_FILE = RedditSampleTests/Info.plist;
				LD_RUNPATH_SEARCH_PATHS = "$(inherited) @executable_path/Frameworks @loader_path/Frameworks";
				PRODUCT_BUNDLE_IDENTIFIER = com.demo.RedditSampleTests;
				PRODUCT_NAME = "$(TARGET_NAME)";
				SWIFT_VERSION = 4.0;
				TARGETED_DEVICE_FAMILY = "1,2";
				TEST_HOST = "$(BUILT_PRODUCTS_DIR)/RedditSample.app/RedditSample";
			};
			name = Release;
		};
		3D9E8B0D1FC52470002AF5CC /* Debug */ = {
			isa = XCBuildConfiguration;
			buildSettings = {
				ALWAYS_EMBED_SWIFT_STANDARD_LIBRARIES = YES;
				CODE_SIGN_STYLE = Automatic;
				INFOPLIST_FILE = RedditSampleUITests/Info.plist;
				LD_RUNPATH_SEARCH_PATHS = "$(inherited) @executable_path/Frameworks @loader_path/Frameworks";
				PRODUCT_BUNDLE_IDENTIFIER = com.demo.RedditSampleUITests;
				PRODUCT_NAME = "$(TARGET_NAME)";
				SWIFT_VERSION = 4.0;
				TARGETED_DEVICE_FAMILY = "1,2";
				TEST_TARGET_NAME = RedditSample;
			};
			name = Debug;
		};
		3D9E8B0E1FC52470002AF5CC /* Release */ = {
			isa = XCBuildConfiguration;
			buildSettings = {
				ALWAYS_EMBED_SWIFT_STANDARD_LIBRARIES = YES;
				CODE_SIGN_STYLE = Automatic;
				INFOPLIST_FILE = RedditSampleUITests/Info.plist;
				LD_RUNPATH_SEARCH_PATHS = "$(inherited) @executable_path/Frameworks @loader_path/Frameworks";
				PRODUCT_BUNDLE_IDENTIFIER = com.demo.RedditSampleUITests;
				PRODUCT_NAME = "$(TARGET_NAME)";
				SWIFT_VERSION = 4.0;
				TARGETED_DEVICE_FAMILY = "1,2";
				TEST_TARGET_NAME = RedditSample;
			};
			name = Release;
		};
/* End XCBuildConfiguration section */

/* Begin XCConfigurationList section */
		3D9E8AD61FC52470002AF5CC /* Build configuration list for PBXProject "RedditSample" */ = {
			isa = XCConfigurationList;
			buildConfigurations = (
				3D9E8B041FC52470002AF5CC /* Debug */,
				3D9E8B051FC52470002AF5CC /* Release */,
			);
			defaultConfigurationIsVisible = 0;
			defaultConfigurationName = Release;
		};
		3D9E8B061FC52470002AF5CC /* Build configuration list for PBXNativeTarget "RedditSample" */ = {
			isa = XCConfigurationList;
			buildConfigurations = (
				3D9E8B071FC52470002AF5CC /* Debug */,
				3D9E8B081FC52470002AF5CC /* Release */,
			);
			defaultConfigurationIsVisible = 0;
			defaultConfigurationName = Release;
		};
		3D9E8B091FC52470002AF5CC /* Build configuration list for PBXNativeTarget "RedditSampleTests" */ = {
			isa = XCConfigurationList;
			buildConfigurations = (
				3D9E8B0A1FC52470002AF5CC /* Debug */,
				3D9E8B0B1FC52470002AF5CC /* Release */,
			);
			defaultConfigurationIsVisible = 0;
			defaultConfigurationName = Release;
		};
		3D9E8B0C1FC52470002AF5CC /* Build configuration list for PBXNativeTarget "RedditSampleUITests" */ = {
			isa = XCConfigurationList;
			buildConfigurations = (
				3D9E8B0D1FC52470002AF5CC /* Debug */,
				3D9E8B0E1FC52470002AF5CC /* Release */,
			);
			defaultConfigurationIsVisible = 0;
			defaultConfigurationName = Release;
		};
/* End XCConfigurationList section */

/* Begin XCVersionGroup section */
		3D9E8AE51FC52470002AF5CC /* RedditSample.xcdatamodeld */ = {
			isa = XCVersionGroup;
			children = (
				3D9E8AE61FC52470002AF5CC /* RedditSample.xcdatamodel */,
			);
			currentVersion = 3D9E8AE61FC52470002AF5CC /* RedditSample.xcdatamodel */;
			path = RedditSample.xcdatamodeld;
			sourceTree = "<group>";
			versionGroupType = wrapper.xcdatamodel;
		};
/* End XCVersionGroup section */
	};
	rootObject = 3D9E8AD31FC52470002AF5CC /* Project object */;
}
